
Microsoft Visual Studio Solution File, Format Version 12.00
# Visual Studio Version 17
VisualStudioVersion = 17.1.32210.238
MinimumVisualStudioVersion = 10.0.40219.1
Project("{FAE04EC0-301F-11D3-BF4B-00C04F79EFBC}") = "Publisher", "Publisher\Publisher.csproj", "{B9E87EB1-6DDC-4B56-A8FC-12217DBDD5B8}"
EndProject
Project("{FAE04EC0-301F-11D3-BF4B-00C04F79EFBC}") = "Consumer", "Consumer\Consumer.csproj", "{3DC93531-52D7-4213-B134-E1727BC65683}"
EndProject
Global
	GlobalSection(SolutionConfigurationPlatforms) = preSolution
		Debug|Any CPU = Debug|Any CPU
		Release|Any CPU = Release|Any CPU
	EndGlobalSection
	GlobalSection(ProjectConfigurationPlatforms) = postSolution
		{B9E87EB1-6DDC-4B56-A8FC-12217DBDD5B8}.Debug|Any CPU.ActiveCfg = Debug|Any CPU
		{B9E87EB1-6DDC-4B56-A8FC-12217DBDD5B8}.Debug|Any CPU.Build.0 = Debug|Any CPU
		{B9E87EB1-6DDC-4B56-A8FC-12217DBDD5B8}.Release|Any CPU.ActiveCfg = Release|Any CPU
		{B9E87EB1-6DDC-4B56-A8FC-12217DBDD5B8}.Release|Any CPU.Build.0 = Release|Any CPU
		{3DC93531-52D7-4213-B134-E1727BC65683}.Debug|Any CPU.ActiveCfg = Debug|Any CPU
		{3DC93531-52D7-4213-B134-E1727BC65683}.Debug|Any CPU.Build.0 = Debug|Any CPU
		{3DC93531-52D7-4213-B134-E1727BC65683}.Release|Any CPU.ActiveCfg = Release|Any CPU
		{3DC93531-52D7-4213-B134-E1727BC65683}.Release|Any CPU.Build.0 = Release|Any CPU
	EndGlobalSection
	GlobalSection(SolutionProperties) = preSolution
		HideSolutionNode = FALSE
	EndGlobalSection
	GlobalSection(ExtensibilityGlobals) = postSolution
		SolutionGuid = {105F5A7F-E7C0-4B35-A03C-D12F3999442B}
	EndGlobalSection
EndGlobal
