
Microsoft Visual Studio Solution File, Format Version 12.00
# Visual Studio Version 16
VisualStudioVersion = 16.0.30114.105
MinimumVisualStudioVersion = 10.0.40219.1
Project("{FAE04EC0-301F-11D3-BF4B-00C04F79EFBC}") = "Client", "Client\Client.csproj", "{C2D56AF3-B1EF-4E7F-82F5-27DCB5B89D16}"
EndProject
Project("{FAE04EC0-301F-11D3-BF4B-00C04F79EFBC}") = "Server", "Server\Server.csproj", "{EA567333-F5E7-49A9-B870-B65BED910F4B}"
EndProject
Project("{FAE04EC0-301F-11D3-BF4B-00C04F79EFBC}") = "Core", "Core\Core.csproj", "{FBDD8D66-F0B8-4D69-B56F-608B0D7FDC3F}"
EndProject
Global
	GlobalSection(SolutionConfigurationPlatforms) = preSolution
		Debug|Any CPU = Debug|Any CPU
		Release|Any CPU = Release|Any CPU
	EndGlobalSection
	GlobalSection(SolutionProperties) = preSolution
		HideSolutionNode = FALSE
	EndGlobalSection
	GlobalSection(ProjectConfigurationPlatforms) = postSolution
		{C2D56AF3-B1EF-4E7F-82F5-27DCB5B89D16}.Debug|Any CPU.ActiveCfg = Debug|Any CPU
		{C2D56AF3-B1EF-4E7F-82F5-27DCB5B89D16}.Debug|Any CPU.Build.0 = Debug|Any CPU
		{C2D56AF3-B1EF-4E7F-82F5-27DCB5B89D16}.Release|Any CPU.ActiveCfg = Release|Any CPU
		{C2D56AF3-B1EF-4E7F-82F5-27DCB5B89D16}.Release|Any CPU.Build.0 = Release|Any CPU
		{EA567333-F5E7-49A9-B870-B65BED910F4B}.Debug|Any CPU.ActiveCfg = Debug|Any CPU
		{EA567333-F5E7-49A9-B870-B65BED910F4B}.Debug|Any CPU.Build.0 = Debug|Any CPU
		{EA567333-F5E7-49A9-B870-B65BED910F4B}.Release|Any CPU.ActiveCfg = Release|Any CPU
		{EA567333-F5E7-49A9-B870-B65BED910F4B}.Release|Any CPU.Build.0 = Release|Any CPU
		{FBDD8D66-F0B8-4D69-B56F-608B0D7FDC3F}.Debug|Any CPU.ActiveCfg = Debug|Any CPU
		{FBDD8D66-F0B8-4D69-B56F-608B0D7FDC3F}.Debug|Any CPU.Build.0 = Debug|Any CPU
		{FBDD8D66-F0B8-4D69-B56F-608B0D7FDC3F}.Release|Any CPU.ActiveCfg = Release|Any CPU
		{FBDD8D66-F0B8-4D69-B56F-608B0D7FDC3F}.Release|Any CPU.Build.0 = Release|Any CPU
	EndGlobalSection
EndGlobal
